// !$*UTF8*$!
{
	archiveVersion = 1;
	classes = {
	};
	objectVersion = 50;
	objects = {

/* Begin PBXBuildFile section */
		1C2DBF4C20CBD08100EEA415 /* AppDelegate.swift in Sources */ = {isa = PBXBuildFile; fileRef = 1C2DBF4B20CBD08100EEA415 /* AppDelegate.swift */; };
		1C2DBF4E20CBD08100EEA415 /* ViewController.swift in Sources */ = {isa = PBXBuildFile; fileRef = 1C2DBF4D20CBD08100EEA415 /* ViewController.swift */; };
		1C2DBF5120CBD08100EEA415 /* Main.storyboard in Resources */ = {isa = PBXBuildFile; fileRef = 1C2DBF4F20CBD08100EEA415 /* Main.storyboard */; };
		1C2DBF5320CBD08500EEA415 /* Assets.xcassets in Resources */ = {isa = PBXBuildFile; fileRef = 1C2DBF5220CBD08500EEA415 /* Assets.xcassets */; };
		1C2DBF5620CBD08500EEA415 /* LaunchScreen.storyboard in Resources */ = {isa = PBXBuildFile; fileRef = 1C2DBF5420CBD08500EEA415 /* LaunchScreen.storyboard */; };
		1C2DBF6120CBD08500EEA415 /* RinneganTests.swift in Sources */ = {isa = PBXBuildFile; fileRef = 1C2DBF6020CBD08500EEA415 /* RinneganTests.swift */; };
		1C2DBF6C20CBD08500EEA415 /* RinneganUITests.swift in Sources */ = {isa = PBXBuildFile; fileRef = 1C2DBF6B20CBD08500EEA415 /* RinneganUITests.swift */; };
		1C2DBF7A20CBD76700EEA415 /* previewCameraViewController.swift in Sources */ = {isa = PBXBuildFile; fileRef = 1C2DBF7920CBD76700EEA415 /* previewCameraViewController.swift */; };
		1C2DBF7C20CBDEC100EEA415 /* cameraController.swift in Sources */ = {isa = PBXBuildFile; fileRef = 1C2DBF7B20CBDEC100EEA415 /* cameraController.swift */; };
		1C2DBF7E20CBE70500EEA415 /* imageDisplayViewController.swift in Sources */ = {isa = PBXBuildFile; fileRef = 1C2DBF7D20CBE70500EEA415 /* imageDisplayViewController.swift */; };
		1C2DBF8220CC154700EEA415 /* additionalDetailsViewController.swift in Sources */ = {isa = PBXBuildFile; fileRef = 1C2DBF8120CC154700EEA415 /* additionalDetailsViewController.swift */; };
		5DE5CD46A4C1497AA45B2BA4 /* Pods_Rinnegan.framework in Frameworks */ = {isa = PBXBuildFile; fileRef = 685673200A52EDDD4B49C129 /* Pods_Rinnegan.framework */; };
		73A51F05C89E4275D5EB8B96 /* Pods_RinneganUITests.framework in Frameworks */ = {isa = PBXBuildFile; fileRef = F1A7746F97A38F2AF3098378 /* Pods_RinneganUITests.framework */; };
		D218612D93C934638522510A /* Pods_RinneganTests.framework in Frameworks */ = {isa = PBXBuildFile; fileRef = F28456DEFE5B63518EC4E579 /* Pods_RinneganTests.framework */; };
/* End PBXBuildFile section */

/* Begin PBXContainerItemProxy section */
		1C2DBF5D20CBD08500EEA415 /* PBXContainerItemProxy */ = {
			isa = PBXContainerItemProxy;
			containerPortal = 1C2DBF4020CBD08100EEA415 /* Project object */;
			proxyType = 1;
			remoteGlobalIDString = 1C2DBF4720CBD08100EEA415;
			remoteInfo = Rinnegan;
		};
		1C2DBF6820CBD08500EEA415 /* PBXContainerItemProxy */ = {
			isa = PBXContainerItemProxy;
			containerPortal = 1C2DBF4020CBD08100EEA415 /* Project object */;
			proxyType = 1;
			remoteGlobalIDString = 1C2DBF4720CBD08100EEA415;
			remoteInfo = Rinnegan;
		};
/* End PBXContainerItemProxy section */

/* Begin PBXFileReference section */
		030D600C266B2BEEC4D8FFD4 /* Pods-Rinnegan.debug.xcconfig */ = {isa = PBXFileReference; includeInIndex = 1; lastKnownFileType = text.xcconfig; name = "Pods-Rinnegan.debug.xcconfig"; path = "Pods/Target Support Files/Pods-Rinnegan/Pods-Rinnegan.debug.xcconfig"; sourceTree = "<group>"; };
		1C2DBF4820CBD08100EEA415 /* Rinnegan.app */ = {isa = PBXFileReference; explicitFileType = wrapper.application; includeInIndex = 0; path = Rinnegan.app; sourceTree = BUILT_PRODUCTS_DIR; };
		1C2DBF4B20CBD08100EEA415 /* AppDelegate.swift */ = {isa = PBXFileReference; lastKnownFileType = sourcecode.swift; path = AppDelegate.swift; sourceTree = "<group>"; };
		1C2DBF4D20CBD08100EEA415 /* ViewController.swift */ = {isa = PBXFileReference; lastKnownFileType = sourcecode.swift; path = ViewController.swift; sourceTree = "<group>"; };
		1C2DBF5020CBD08100EEA415 /* Base */ = {isa = PBXFileReference; lastKnownFileType = file.storyboard; name = Base; path = Base.lproj/Main.storyboard; sourceTree = "<group>"; };
		1C2DBF5220CBD08500EEA415 /* Assets.xcassets */ = {isa = PBXFileReference; lastKnownFileType = folder.assetcatalog; path = Assets.xcassets; sourceTree = "<group>"; };
		1C2DBF5520CBD08500EEA415 /* Base */ = {isa = PBXFileReference; lastKnownFileType = file.storyboard; name = Base; path = Base.lproj/LaunchScreen.storyboard; sourceTree = "<group>"; };
		1C2DBF5720CBD08500EEA415 /* Info.plist */ = {isa = PBXFileReference; lastKnownFileType = text.plist.xml; path = Info.plist; sourceTree = "<group>"; };
		1C2DBF5C20CBD08500EEA415 /* RinneganTests.xctest */ = {isa = PBXFileReference; explicitFileType = wrapper.cfbundle; includeInIndex = 0; path = RinneganTests.xctest; sourceTree = BUILT_PRODUCTS_DIR; };
		1C2DBF6020CBD08500EEA415 /* RinneganTests.swift */ = {isa = PBXFileReference; lastKnownFileType = sourcecode.swift; path = RinneganTests.swift; sourceTree = "<group>"; };
		1C2DBF6220CBD08500EEA415 /* Info.plist */ = {isa = PBXFileReference; lastKnownFileType = text.plist.xml; path = Info.plist; sourceTree = "<group>"; };
		1C2DBF6720CBD08500EEA415 /* RinneganUITests.xctest */ = {isa = PBXFileReference; explicitFileType = wrapper.cfbundle; includeInIndex = 0; path = RinneganUITests.xctest; sourceTree = BUILT_PRODUCTS_DIR; };
		1C2DBF6B20CBD08500EEA415 /* RinneganUITests.swift */ = {isa = PBXFileReference; lastKnownFileType = sourcecode.swift; path = RinneganUITests.swift; sourceTree = "<group>"; };
		1C2DBF6D20CBD08500EEA415 /* Info.plist */ = {isa = PBXFileReference; lastKnownFileType = text.plist.xml; path = Info.plist; sourceTree = "<group>"; };
		1C2DBF7920CBD76700EEA415 /* previewCameraViewController.swift */ = {isa = PBXFileReference; lastKnownFileType = sourcecode.swift; path = previewCameraViewController.swift; sourceTree = "<group>"; };
		1C2DBF7B20CBDEC100EEA415 /* cameraController.swift */ = {isa = PBXFileReference; lastKnownFileType = sourcecode.swift; path = cameraController.swift; sourceTree = "<group>"; };
		1C2DBF7D20CBE70500EEA415 /* imageDisplayViewController.swift */ = {isa = PBXFileReference; lastKnownFileType = sourcecode.swift; path = imageDisplayViewController.swift; sourceTree = "<group>"; };
		1C2DBF8120CC154700EEA415 /* additionalDetailsViewController.swift */ = {isa = PBXFileReference; lastKnownFileType = sourcecode.swift; path = additionalDetailsViewController.swift; sourceTree = "<group>"; };
		2F7126F9422D20F50A777877 /* Pods-RinneganTests.debug.xcconfig */ = {isa = PBXFileReference; includeInIndex = 1; lastKnownFileType = text.xcconfig; name = "Pods-RinneganTests.debug.xcconfig"; path = "Pods/Target Support Files/Pods-RinneganTests/Pods-RinneganTests.debug.xcconfig"; sourceTree = "<group>"; };
		37CD6A427F8C6F7A5542DAAB /* Pods-RinneganUITests.release.xcconfig */ = {isa = PBXFileReference; includeInIndex = 1; lastKnownFileType = text.xcconfig; name = "Pods-RinneganUITests.release.xcconfig"; path = "Pods/Target Support Files/Pods-RinneganUITests/Pods-RinneganUITests.release.xcconfig"; sourceTree = "<group>"; };
		685673200A52EDDD4B49C129 /* Pods_Rinnegan.framework */ = {isa = PBXFileReference; explicitFileType = wrapper.framework; includeInIndex = 0; path = Pods_Rinnegan.framework; sourceTree = BUILT_PRODUCTS_DIR; };
		A1BF25FD4FD765EBF4BB46B4 /* Pods-Rinnegan.release.xcconfig */ = {isa = PBXFileReference; includeInIndex = 1; lastKnownFileType = text.xcconfig; name = "Pods-Rinnegan.release.xcconfig"; path = "Pods/Target Support Files/Pods-Rinnegan/Pods-Rinnegan.release.xcconfig"; sourceTree = "<group>"; };
		B247309E59DC4B125BD109FB /* Pods-RinneganTests.release.xcconfig */ = {isa = PBXFileReference; includeInIndex = 1; lastKnownFileType = text.xcconfig; name = "Pods-RinneganTests.release.xcconfig"; path = "Pods/Target Support Files/Pods-RinneganTests/Pods-RinneganTests.release.xcconfig"; sourceTree = "<group>"; };
		C26E5B3750478C84814A7C0D /* Pods-RinneganUITests.debug.xcconfig */ = {isa = PBXFileReference; includeInIndex = 1; lastKnownFileType = text.xcconfig; name = "Pods-RinneganUITests.debug.xcconfig"; path = "Pods/Target Support Files/Pods-RinneganUITests/Pods-RinneganUITests.debug.xcconfig"; sourceTree = "<group>"; };
		F1A7746F97A38F2AF3098378 /* Pods_RinneganUITests.framework */ = {isa = PBXFileReference; explicitFileType = wrapper.framework; includeInIndex = 0; path = Pods_RinneganUITests.framework; sourceTree = BUILT_PRODUCTS_DIR; };
		F28456DEFE5B63518EC4E579 /* Pods_RinneganTests.framework */ = {isa = PBXFileReference; explicitFileType = wrapper.framework; includeInIndex = 0; path = Pods_RinneganTests.framework; sourceTree = BUILT_PRODUCTS_DIR; };
/* End PBXFileReference section */

/* Begin PBXFrameworksBuildPhase section */
		1C2DBF4520CBD08100EEA415 /* Frameworks */ = {
			isa = PBXFrameworksBuildPhase;
			buildActionMask = 2147483647;
			files = (
				5DE5CD46A4C1497AA45B2BA4 /* Pods_Rinnegan.framework in Frameworks */,
			);
			runOnlyForDeploymentPostprocessing = 0;
		};
		1C2DBF5920CBD08500EEA415 /* Frameworks */ = {
			isa = PBXFrameworksBuildPhase;
			buildActionMask = 2147483647;
			files = (
				D218612D93C934638522510A /* Pods_RinneganTests.framework in Frameworks */,
			);
			runOnlyForDeploymentPostprocessing = 0;
		};
		1C2DBF6420CBD08500EEA415 /* Frameworks */ = {
			isa = PBXFrameworksBuildPhase;
			buildActionMask = 2147483647;
			files = (
				73A51F05C89E4275D5EB8B96 /* Pods_RinneganUITests.framework in Frameworks */,
			);
			runOnlyForDeploymentPostprocessing = 0;
		};
/* End PBXFrameworksBuildPhase section */

/* Begin PBXGroup section */
		1C2DBF3F20CBD08100EEA415 = {
			isa = PBXGroup;
			children = (
				1C2DBF4A20CBD08100EEA415 /* Rinnegan */,
				1C2DBF5F20CBD08500EEA415 /* RinneganTests */,
				1C2DBF6A20CBD08500EEA415 /* RinneganUITests */,
				1C2DBF4920CBD08100EEA415 /* Products */,
				A30A1DF943F5E9D2F3CE7C91 /* Pods */,
				64E8586E0C0F94FF60165243 /* Frameworks */,
			);
			sourceTree = "<group>";
		};
		1C2DBF4920CBD08100EEA415 /* Products */ = {
			isa = PBXGroup;
			children = (
				1C2DBF4820CBD08100EEA415 /* Rinnegan.app */,
				1C2DBF5C20CBD08500EEA415 /* RinneganTests.xctest */,
				1C2DBF6720CBD08500EEA415 /* RinneganUITests.xctest */,
			);
			name = Products;
			sourceTree = "<group>";
		};
		1C2DBF4A20CBD08100EEA415 /* Rinnegan */ = {
			isa = PBXGroup;
			children = (
				1C2DBF7D20CBE70500EEA415 /* imageDisplayViewController.swift */,
				1C2DBF4B20CBD08100EEA415 /* AppDelegate.swift */,
				1C2DBF4D20CBD08100EEA415 /* ViewController.swift */,
				1C2DBF4F20CBD08100EEA415 /* Main.storyboard */,
				1C2DBF7B20CBDEC100EEA415 /* cameraController.swift */,
				1C2DBF7920CBD76700EEA415 /* previewCameraViewController.swift */,
				1C2DBF8120CC154700EEA415 /* additionalDetailsViewController.swift */,
				1C2DBF5220CBD08500EEA415 /* Assets.xcassets */,
				1C2DBF5420CBD08500EEA415 /* LaunchScreen.storyboard */,
				1C2DBF5720CBD08500EEA415 /* Info.plist */,
			);
			path = Rinnegan;
			sourceTree = "<group>";
		};
		1C2DBF5F20CBD08500EEA415 /* RinneganTests */ = {
			isa = PBXGroup;
			children = (
				1C2DBF6020CBD08500EEA415 /* RinneganTests.swift */,
				1C2DBF6220CBD08500EEA415 /* Info.plist */,
			);
			path = RinneganTests;
			sourceTree = "<group>";
		};
		1C2DBF6A20CBD08500EEA415 /* RinneganUITests */ = {
			isa = PBXGroup;
			children = (
				1C2DBF6B20CBD08500EEA415 /* RinneganUITests.swift */,
				1C2DBF6D20CBD08500EEA415 /* Info.plist */,
			);
			path = RinneganUITests;
			sourceTree = "<group>";
		};
		64E8586E0C0F94FF60165243 /* Frameworks */ = {
			isa = PBXGroup;
			children = (
				685673200A52EDDD4B49C129 /* Pods_Rinnegan.framework */,
				F28456DEFE5B63518EC4E579 /* Pods_RinneganTests.framework */,
				F1A7746F97A38F2AF3098378 /* Pods_RinneganUITests.framework */,
			);
			name = Frameworks;
			sourceTree = "<group>";
		};
		A30A1DF943F5E9D2F3CE7C91 /* Pods */ = {
			isa = PBXGroup;
			children = (
				030D600C266B2BEEC4D8FFD4 /* Pods-Rinnegan.debug.xcconfig */,
				A1BF25FD4FD765EBF4BB46B4 /* Pods-Rinnegan.release.xcconfig */,
				2F7126F9422D20F50A777877 /* Pods-RinneganTests.debug.xcconfig */,
				B247309E59DC4B125BD109FB /* Pods-RinneganTests.release.xcconfig */,
				C26E5B3750478C84814A7C0D /* Pods-RinneganUITests.debug.xcconfig */,
				37CD6A427F8C6F7A5542DAAB /* Pods-RinneganUITests.release.xcconfig */,
			);
			name = Pods;
			sourceTree = "<group>";
		};
/* End PBXGroup section */

/* Begin PBXNativeTarget section */
		1C2DBF4720CBD08100EEA415 /* Rinnegan */ = {
			isa = PBXNativeTarget;
			buildConfigurationList = 1C2DBF7020CBD08500EEA415 /* Build configuration list for PBXNativeTarget "Rinnegan" */;
			buildPhases = (
				FEA31FA3401D6ACFD0F1C618 /* [CP] Check Pods Manifest.lock */,
				1C2DBF4420CBD08100EEA415 /* Sources */,
				1C2DBF4520CBD08100EEA415 /* Frameworks */,
				1C2DBF4620CBD08100EEA415 /* Resources */,
				2935A742FEA429BFD31CA7C8 /* [CP] Embed Pods Frameworks */,
			);
			buildRules = (
			);
			dependencies = (
			);
			name = Rinnegan;
			productName = Rinnegan;
			productReference = 1C2DBF4820CBD08100EEA415 /* Rinnegan.app */;
			productType = "com.apple.product-type.application";
		};
		1C2DBF5B20CBD08500EEA415 /* RinneganTests */ = {
			isa = PBXNativeTarget;
			buildConfigurationList = 1C2DBF7320CBD08500EEA415 /* Build configuration list for PBXNativeTarget "RinneganTests" */;
			buildPhases = (
				91085802182E996303E230C4 /* [CP] Check Pods Manifest.lock */,
				1C2DBF5820CBD08500EEA415 /* Sources */,
				1C2DBF5920CBD08500EEA415 /* Frameworks */,
				1C2DBF5A20CBD08500EEA415 /* Resources */,
			);
			buildRules = (
			);
			dependencies = (
				1C2DBF5E20CBD08500EEA415 /* PBXTargetDependency */,
			);
			name = RinneganTests;
			productName = RinneganTests;
			productReference = 1C2DBF5C20CBD08500EEA415 /* RinneganTests.xctest */;
			productType = "com.apple.product-type.bundle.unit-test";
		};
		1C2DBF6620CBD08500EEA415 /* RinneganUITests */ = {
			isa = PBXNativeTarget;
			buildConfigurationList = 1C2DBF7620CBD08500EEA415 /* Build configuration list for PBXNativeTarget "RinneganUITests" */;
			buildPhases = (
				D7CCB7953426417F6B262EA0 /* [CP] Check Pods Manifest.lock */,
				1C2DBF6320CBD08500EEA415 /* Sources */,
				1C2DBF6420CBD08500EEA415 /* Frameworks */,
				1C2DBF6520CBD08500EEA415 /* Resources */,
			);
			buildRules = (
			);
			dependencies = (
				1C2DBF6920CBD08500EEA415 /* PBXTargetDependency */,
			);
			name = RinneganUITests;
			productName = RinneganUITests;
			productReference = 1C2DBF6720CBD08500EEA415 /* RinneganUITests.xctest */;
			productType = "com.apple.product-type.bundle.ui-testing";
		};
/* End PBXNativeTarget section */

/* Begin PBXProject section */
		1C2DBF4020CBD08100EEA415 /* Project object */ = {
			isa = PBXProject;
			attributes = {
				LastSwiftUpdateCheck = 1000;
				LastUpgradeCheck = 1000;
				ORGANIZATIONNAME = "Indresh Arora";
				TargetAttributes = {
					1C2DBF4720CBD08100EEA415 = {
						CreatedOnToolsVersion = 10.0;
					};
					1C2DBF5B20CBD08500EEA415 = {
						CreatedOnToolsVersion = 10.0;
						TestTargetID = 1C2DBF4720CBD08100EEA415;
					};
					1C2DBF6620CBD08500EEA415 = {
						CreatedOnToolsVersion = 10.0;
						TestTargetID = 1C2DBF4720CBD08100EEA415;
					};
				};
			};
			buildConfigurationList = 1C2DBF4320CBD08100EEA415 /* Build configuration list for PBXProject "Rinnegan" */;
			compatibilityVersion = "Xcode 9.3";
			developmentRegion = en;
			hasScannedForEncodings = 0;
			knownRegions = (
				en,
				Base,
			);
			mainGroup = 1C2DBF3F20CBD08100EEA415;
			productRefGroup = 1C2DBF4920CBD08100EEA415 /* Products */;
			projectDirPath = "";
			projectRoot = "";
			targets = (
				1C2DBF4720CBD08100EEA415 /* Rinnegan */,
				1C2DBF5B20CBD08500EEA415 /* RinneganTests */,
				1C2DBF6620CBD08500EEA415 /* RinneganUITests */,
			);
		};
/* End PBXProject section */

/* Begin PBXResourcesBuildPhase section */
		1C2DBF4620CBD08100EEA415 /* Resources */ = {
			isa = PBXResourcesBuildPhase;
			buildActionMask = 2147483647;
			files = (
				1C2DBF5620CBD08500EEA415 /* LaunchScreen.storyboard in Resources */,
				1C2DBF5320CBD08500EEA415 /* Assets.xcassets in Resources */,
				1C2DBF5120CBD08100EEA415 /* Main.storyboard in Resources */,
			);
			runOnlyForDeploymentPostprocessing = 0;
		};
		1C2DBF5A20CBD08500EEA415 /* Resources */ = {
			isa = PBXResourcesBuildPhase;
			buildActionMask = 2147483647;
			files = (
			);
			runOnlyForDeploymentPostprocessing = 0;
		};
		1C2DBF6520CBD08500EEA415 /* Resources */ = {
			isa = PBXResourcesBuildPhase;
			buildActionMask = 2147483647;
			files = (
			);
			runOnlyForDeploymentPostprocessing = 0;
		};
/* End PBXResourcesBuildPhase section */

/* Begin PBXShellScriptBuildPhase section */
		2935A742FEA429BFD31CA7C8 /* [CP] Embed Pods Frameworks */ = {
			isa = PBXShellScriptBuildPhase;
			buildActionMask = 2147483647;
			files = (
			);
			inputPaths = (
				"${SRCROOT}/Pods/Target Support Files/Pods-Rinnegan/Pods-Rinnegan-frameworks.sh",
				"${BUILT_PRODUCTS_DIR}/Alamofire/Alamofire.framework",
			);
			name = "[CP] Embed Pods Frameworks";
			outputPaths = (
				"${TARGET_BUILD_DIR}/${FRAMEWORKS_FOLDER_PATH}/Alamofire.framework",
			);
			runOnlyForDeploymentPostprocessing = 0;
			shellPath = /bin/sh;
			shellScript = "\"${SRCROOT}/Pods/Target Support Files/Pods-Rinnegan/Pods-Rinnegan-frameworks.sh\"\n";
			showEnvVarsInLog = 0;
		};
		91085802182E996303E230C4 /* [CP] Check Pods Manifest.lock */ = {
			isa = PBXShellScriptBuildPhase;
			buildActionMask = 2147483647;
			files = (
			);
			inputPaths = (
				"${PODS_PODFILE_DIR_PATH}/Podfile.lock",
				"${PODS_ROOT}/Manifest.lock",
			);
			name = "[CP] Check Pods Manifest.lock";
			outputPaths = (
				"$(DERIVED_FILE_DIR)/Pods-RinneganTests-checkManifestLockResult.txt",
			);
			runOnlyForDeploymentPostprocessing = 0;
			shellPath = /bin/sh;
			shellScript = "diff \"${PODS_PODFILE_DIR_PATH}/Podfile.lock\" \"${PODS_ROOT}/Manifest.lock\" > /dev/null\nif [ $? != 0 ] ; then\n    # print error to STDERR\n    echo \"error: The sandbox is not in sync with the Podfile.lock. Run 'pod install' or update your CocoaPods installation.\" >&2\n    exit 1\nfi\n# This output is used by Xcode 'outputs' to avoid re-running this script phase.\necho \"SUCCESS\" > \"${SCRIPT_OUTPUT_FILE_0}\"\n";
			showEnvVarsInLog = 0;
		};
		D7CCB7953426417F6B262EA0 /* [CP] Check Pods Manifest.lock */ = {
			isa = PBXShellScriptBuildPhase;
			buildActionMask = 2147483647;
			files = (
			);
			inputPaths = (
				"${PODS_PODFILE_DIR_PATH}/Podfile.lock",
				"${PODS_ROOT}/Manifest.lock",
			);
			name = "[CP] Check Pods Manifest.lock";
			outputPaths = (
				"$(DERIVED_FILE_DIR)/Pods-RinneganUITests-checkManifestLockResult.txt",
			);
			runOnlyForDeploymentPostprocessing = 0;
			shellPath = /bin/sh;
			shellScript = "diff \"${PODS_PODFILE_DIR_PATH}/Podfile.lock\" \"${PODS_ROOT}/Manifest.lock\" > /dev/null\nif [ $? != 0 ] ; then\n    # print error to STDERR\n    echo \"error: The sandbox is not in sync with the Podfile.lock. Run 'pod install' or update your CocoaPods installation.\" >&2\n    exit 1\nfi\n# This output is used by Xcode 'outputs' to avoid re-running this script phase.\necho \"SUCCESS\" > \"${SCRIPT_OUTPUT_FILE_0}\"\n";
			showEnvVarsInLog = 0;
		};
		FEA31FA3401D6ACFD0F1C618 /* [CP] Check Pods Manifest.lock */ = {
			isa = PBXShellScriptBuildPhase;
			buildActionMask = 2147483647;
			files = (
			);
			inputPaths = (
				"${PODS_PODFILE_DIR_PATH}/Podfile.lock",
				"${PODS_ROOT}/Manifest.lock",
			);
			name = "[CP] Check Pods Manifest.lock";
			outputPaths = (
				"$(DERIVED_FILE_DIR)/Pods-Rinnegan-checkManifestLockResult.txt",
			);
			runOnlyForDeploymentPostprocessing = 0;
			shellPath = /bin/sh;
			shellScript = "diff \"${PODS_PODFILE_DIR_PATH}/Podfile.lock\" \"${PODS_ROOT}/Manifest.lock\" > /dev/null\nif [ $? != 0 ] ; then\n    # print error to STDERR\n    echo \"error: The sandbox is not in sync with the Podfile.lock. Run 'pod install' or update your CocoaPods installation.\" >&2\n    exit 1\nfi\n# This output is used by Xcode 'outputs' to avoid re-running this script phase.\necho \"SUCCESS\" > \"${SCRIPT_OUTPUT_FILE_0}\"\n";
			showEnvVarsInLog = 0;
		};
/* End PBXShellScriptBuildPhase section */

/* Begin PBXSourcesBuildPhase section */
		1C2DBF4420CBD08100EEA415 /* Sources */ = {
			isa = PBXSourcesBuildPhase;
			buildActionMask = 2147483647;
			files = (
				1C2DBF7A20CBD76700EEA415 /* previewCameraViewController.swift in Sources */,
				1C2DBF4E20CBD08100EEA415 /* ViewController.swift in Sources */,
				1C2DBF7C20CBDEC100EEA415 /* cameraController.swift in Sources */,
				1C2DBF4C20CBD08100EEA415 /* AppDelegate.swift in Sources */,
				1C2DBF7E20CBE70500EEA415 /* imageDisplayViewController.swift in Sources */,
				1C2DBF8220CC154700EEA415 /* additionalDetailsViewController.swift in Sources */,
			);
			runOnlyForDeploymentPostprocessing = 0;
		};
		1C2DBF5820CBD08500EEA415 /* Sources */ = {
			isa = PBXSourcesBuildPhase;
			buildActionMask = 2147483647;
			files = (
				1C2DBF6120CBD08500EEA415 /* RinneganTests.swift in Sources */,
			);
			runOnlyForDeploymentPostprocessing = 0;
		};
		1C2DBF6320CBD08500EEA415 /* Sources */ = {
			isa = PBXSourcesBuildPhase;
			buildActionMask = 2147483647;
			files = (
				1C2DBF6C20CBD08500EEA415 /* RinneganUITests.swift in Sources */,
			);
			runOnlyForDeploymentPostprocessing = 0;
		};
/* End PBXSourcesBuildPhase section */

/* Begin PBXTargetDependency section */
		1C2DBF5E20CBD08500EEA415 /* PBXTargetDependency */ = {
			isa = PBXTargetDependency;
			target = 1C2DBF4720CBD08100EEA415 /* Rinnegan */;
			targetProxy = 1C2DBF5D20CBD08500EEA415 /* PBXContainerItemProxy */;
		};
		1C2DBF6920CBD08500EEA415 /* PBXTargetDependency */ = {
			isa = PBXTargetDependency;
			target = 1C2DBF4720CBD08100EEA415 /* Rinnegan */;
			targetProxy = 1C2DBF6820CBD08500EEA415 /* PBXContainerItemProxy */;
		};
/* End PBXTargetDependency section */

/* Begin PBXVariantGroup section */
		1C2DBF4F20CBD08100EEA415 /* Main.storyboard */ = {
			isa = PBXVariantGroup;
			children = (
				1C2DBF5020CBD08100EEA415 /* Base */,
			);
			name = Main.storyboard;
			sourceTree = "<group>";
		};
		1C2DBF5420CBD08500EEA415 /* LaunchScreen.storyboard */ = {
			isa = PBXVariantGroup;
			children = (
				1C2DBF5520CBD08500EEA415 /* Base */,
			);
			name = LaunchScreen.storyboard;
			sourceTree = "<group>";
		};
/* End PBXVariantGroup section */

/* Begin XCBuildConfiguration section */
		1C2DBF6E20CBD08500EEA415 /* Debug */ = {
			isa = XCBuildConfiguration;
			buildSettings = {
				ALWAYS_SEARCH_USER_PATHS = NO;
				CLANG_ANALYZER_NONNULL = YES;
				CLANG_ANALYZER_NUMBER_OBJECT_CONVERSION = YES_AGGRESSIVE;
				CLANG_CXX_LANGUAGE_STANDARD = "gnu++14";
				CLANG_CXX_LIBRARY = "libc++";
				CLANG_ENABLE_MODULES = YES;
				CLANG_ENABLE_OBJC_ARC = YES;
				CLANG_ENABLE_OBJC_WEAK = YES;
				CLANG_WARN_BLOCK_CAPTURE_AUTORELEASING = YES;
				CLANG_WARN_BOOL_CONVERSION = YES;
				CLANG_WARN_COMMA = YES;
				CLANG_WARN_CONSTANT_CONVERSION = YES;
				CLANG_WARN_DEPRECATED_OBJC_IMPLEMENTATIONS = YES;
				CLANG_WARN_DIRECT_OBJC_ISA_USAGE = YES_ERROR;
				CLANG_WARN_DOCUMENTATION_COMMENTS = YES;
				CLANG_WARN_EMPTY_BODY = YES;
				CLANG_WARN_ENUM_CONVERSION = YES;
				CLANG_WARN_INFINITE_RECURSION = YES;
				CLANG_WARN_INT_CONVERSION = YES;
				CLANG_WARN_NON_LITERAL_NULL_CONVERSION = YES;
				CLANG_WARN_OBJC_IMPLICIT_RETAIN_SELF = YES;
				CLANG_WARN_OBJC_LITERAL_CONVERSION = YES;
				CLANG_WARN_OBJC_ROOT_CLASS = YES_ERROR;
				CLANG_WARN_RANGE_LOOP_ANALYSIS = YES;
				CLANG_WARN_STRICT_PROTOTYPES = YES;
				CLANG_WARN_SUSPICIOUS_MOVE = YES;
				CLANG_WARN_UNGUARDED_AVAILABILITY = YES_AGGRESSIVE;
				CLANG_WARN_UNREACHABLE_CODE = YES;
				CLANG_WARN__DUPLICATE_METHOD_MATCH = YES;
				CODE_SIGN_IDENTITY = "iPhone Developer";
				COPY_PHASE_STRIP = NO;
				DEBUG_INFORMATION_FORMAT = dwarf;
				ENABLE_STRICT_OBJC_MSGSEND = YES;
				ENABLE_TESTABILITY = YES;
				GCC_C_LANGUAGE_STANDARD = gnu11;
				GCC_DYNAMIC_NO_PIC = NO;
				GCC_NO_COMMON_BLOCKS = YES;
				GCC_OPTIMIZATION_LEVEL = 0;
				GCC_PREPROCESSOR_DEFINITIONS = (
					"DEBUG=1",
					"$(inherited)",
				);
				GCC_WARN_64_TO_32_BIT_CONVERSION = YES;
				GCC_WARN_ABOUT_RETURN_TYPE = YES_ERROR;
				GCC_WARN_UNDECLARED_SELECTOR = YES;
				GCC_WARN_UNINITIALIZED_AUTOS = YES_AGGRESSIVE;
				GCC_WARN_UNUSED_FUNCTION = YES;
				GCC_WARN_UNUSED_VARIABLE = YES;
				IPHONEOS_DEPLOYMENT_TARGET = 12.0;
				MTL_ENABLE_DEBUG_INFO = INCLUDE_SOURCE;
				ONLY_ACTIVE_ARCH = YES;
				SDKROOT = iphoneos;
				SWIFT_ACTIVE_COMPILATION_CONDITIONS = DEBUG;
				SWIFT_OPTIMIZATION_LEVEL = "-Onone";
			};
			name = Debug;
		};
		1C2DBF6F20CBD08500EEA415 /* Release */ = {
			isa = XCBuildConfiguration;
			buildSettings = {
				ALWAYS_SEARCH_USER_PATHS = NO;
				CLANG_ANALYZER_NONNULL = YES;
				CLANG_ANALYZER_NUMBER_OBJECT_CONVERSION = YES_AGGRESSIVE;
				CLANG_CXX_LANGUAGE_STANDARD = "gnu++14";
				CLANG_CXX_LIBRARY = "libc++";
				CLANG_ENABLE_MODULES = YES;
				CLANG_ENABLE_OBJC_ARC = YES;
				CLANG_ENABLE_OBJC_WEAK = YES;
				CLANG_WARN_BLOCK_CAPTURE_AUTORELEASING = YES;
				CLANG_WARN_BOOL_CONVERSION = YES;
				CLANG_WARN_COMMA = YES;
				CLANG_WARN_CONSTANT_CONVERSION = YES;
				CLANG_WARN_DEPRECATED_OBJC_IMPLEMENTATIONS = YES;
				CLANG_WARN_DIRECT_OBJC_ISA_USAGE = YES_ERROR;
				CLANG_WARN_DOCUMENTATION_COMMENTS = YES;
				CLANG_WARN_EMPTY_BODY = YES;
				CLANG_WARN_ENUM_CONVERSION = YES;
				CLANG_WARN_INFINITE_RECURSION = YES;
				CLANG_WARN_INT_CONVERSION = YES;
				CLANG_WARN_NON_LITERAL_NULL_CONVERSION = YES;
				CLANG_WARN_OBJC_IMPLICIT_RETAIN_SELF = YES;
				CLANG_WARN_OBJC_LITERAL_CONVERSION = YES;
				CLANG_WARN_OBJC_ROOT_CLASS = YES_ERROR;
				CLANG_WARN_RANGE_LOOP_ANALYSIS = YES;
				CLANG_WARN_STRICT_PROTOTYPES = YES;
				CLANG_WARN_SUSPICIOUS_MOVE = YES;
				CLANG_WARN_UNGUARDED_AVAILABILITY = YES_AGGRESSIVE;
				CLANG_WARN_UNREACHABLE_CODE = YES;
				CLANG_WARN__DUPLICATE_METHOD_MATCH = YES;
				CODE_SIGN_IDENTITY = "iPhone Developer";
				COPY_PHASE_STRIP = NO;
				DEBUG_INFORMATION_FORMAT = "dwarf-with-dsym";
				ENABLE_NS_ASSERTIONS = NO;
				ENABLE_STRICT_OBJC_MSGSEND = YES;
				GCC_C_LANGUAGE_STANDARD = gnu11;
				GCC_NO_COMMON_BLOCKS = YES;
				GCC_WARN_64_TO_32_BIT_CONVERSION = YES;
				GCC_WARN_ABOUT_RETURN_TYPE = YES_ERROR;
				GCC_WARN_UNDECLARED_SELECTOR = YES;
				GCC_WARN_UNINITIALIZED_AUTOS = YES_AGGRESSIVE;
				GCC_WARN_UNUSED_FUNCTION = YES;
				GCC_WARN_UNUSED_VARIABLE = YES;
				IPHONEOS_DEPLOYMENT_TARGET = 12.0;
				MTL_ENABLE_DEBUG_INFO = NO;
				SDKROOT = iphoneos;
				SWIFT_COMPILATION_MODE = wholemodule;
				SWIFT_OPTIMIZATION_LEVEL = "-O";
				VALIDATE_PRODUCT = YES;
			};
			name = Release;
		};
		1C2DBF7120CBD08500EEA415 /* Debug */ = {
			isa = XCBuildConfiguration;
			baseConfigurationReference = 030D600C266B2BEEC4D8FFD4 /* Pods-Rinnegan.debug.xcconfig */;
			buildSettings = {
				ASSETCATALOG_COMPILER_APPICON_NAME = AppIcon;
				CODE_SIGN_STYLE = Automatic;
				DEVELOPMENT_TEAM = 364H92YY8H;
				INFOPLIST_FILE = Rinnegan/Info.plist;
				IPHONEOS_DEPLOYMENT_TARGET = 11.0;
				LD_RUNPATH_SEARCH_PATHS = (
					"$(inherited)",
					"@executable_path/Frameworks",
				);
				PRODUCT_BUNDLE_IDENTIFIER = com.master.Rinnegan;
				PRODUCT_NAME = "$(TARGET_NAME)";
				SWIFT_VERSION = 4.2;
				TARGETED_DEVICE_FAMILY = "1,2";
			};
			name = Debug;
		};
		1C2DBF7220CBD08500EEA415 /* Release */ = {
			isa = XCBuildConfiguration;
			baseConfigurationReference = A1BF25FD4FD765EBF4BB46B4 /* Pods-Rinnegan.release.xcconfig */;
			buildSettings = {
				ASSETCATALOG_COMPILER_APPICON_NAME = AppIcon;
				CODE_SIGN_STYLE = Automatic;
				DEVELOPMENT_TEAM = 364H92YY8H;
				INFOPLIST_FILE = Rinnegan/Info.plist;
				IPHONEOS_DEPLOYMENT_TARGET = 11.0;
				LD_RUNPATH_SEARCH_PATHS = (
					"$(inherited)",
					"@executable_path/Frameworks",
				);
				PRODUCT_BUNDLE_IDENTIFIER = com.master.Rinnegan;
				PRODUCT_NAME = "$(TARGET_NAME)";
				SWIFT_VERSION = 4.2;
				TARGETED_DEVICE_FAMILY = "1,2";
			};
			name = Release;
		};
		1C2DBF7420CBD08500EEA415 /* Debug */ = {
			isa = XCBuildConfiguration;
			baseConfigurationReference = 2F7126F9422D20F50A777877 /* Pods-RinneganTests.debug.xcconfig */;
			buildSettings = {
				ALWAYS_EMBED_SWIFT_STANDARD_LIBRARIES = YES;
				BUNDLE_LOADER = "$(TEST_HOST)";
				CODE_SIGN_STYLE = Automatic;
				DEVELOPMENT_TEAM = 364H92YY8H;
				INFOPLIST_FILE = RinneganTests/Info.plist;
				LD_RUNPATH_SEARCH_PATHS = (
					"$(inherited)",
					"@executable_path/Frameworks",
					"@loader_path/Frameworks",
				);
				PRODUCT_BUNDLE_IDENTIFIER = com.master.RinneganTests;
				PRODUCT_NAME = "$(TARGET_NAME)";
				SWIFT_VERSION = 4.2;
				TARGETED_DEVICE_FAMILY = "1,2";
				TEST_HOST = "$(BUILT_PRODUCTS_DIR)/Rinnegan.app/Rinnegan";
			};
			name = Debug;
		};
		1C2DBF7520CBD08500EEA415 /* Release */ = {
			isa = XCBuildConfiguration;
			baseConfigurationReference = B247309E59DC4B125BD109FB /* Pods-RinneganTests.release.xcconfig */;
			buildSettings = {
				ALWAYS_EMBED_SWIFT_STANDARD_LIBRARIES = YES;
				BUNDLE_LOADER = "$(TEST_HOST)";
				CODE_SIGN_STYLE = Automatic;
				DEVELOPMENT_TEAM = 364H92YY8H;
				INFOPLIST_FILE = RinneganTests/Info.plist;
				LD_RUNPATH_SEARCH_PATHS = (
					"$(inherited)",
					"@executable_path/Frameworks",
					"@loader_path/Frameworks",
				);
				PRODUCT_BUNDLE_IDENTIFIER = com.master.RinneganTests;
				PRODUCT_NAME = "$(TARGET_NAME)";
				SWIFT_VERSION = 4.2;
				TARGETED_DEVICE_FAMILY = "1,2";
				TEST_HOST = "$(BUILT_PRODUCTS_DIR)/Rinnegan.app/Rinnegan";
			};
			name = Release;
		};
		1C2DBF7720CBD08500EEA415 /* Debug */ = {
			isa = XCBuildConfiguration;
			baseConfigurationReference = C26E5B3750478C84814A7C0D /* Pods-RinneganUITests.debug.xcconfig */;
			buildSettings = {
				ALWAYS_EMBED_SWIFT_STANDARD_LIBRARIES = YES;
				CODE_SIGN_STYLE = Automatic;
				DEVELOPMENT_TEAM = 364H92YY8H;
				INFOPLIST_FILE = RinneganUITests/Info.plist;
				LD_RUNPATH_SEARCH_PATHS = (
					"$(inherited)",
					"@executable_path/Frameworks",
					"@loader_path/Frameworks",
				);
				PRODUCT_BUNDLE_IDENTIFIER = com.master.RinneganUITests;
				PRODUCT_NAME = "$(TARGET_NAME)";
				SWIFT_VERSION = 4.2;
				TARGETED_DEVICE_FAMILY = "1,2";
				TEST_TARGET_NAME = Rinnegan;
			};
			name = Debug;
		};
		1C2DBF7820CBD08500EEA415 /* Release */ = {
			isa = XCBuildConfiguration;
			baseConfigurationReference = 37CD6A427F8C6F7A5542DAAB /* Pods-RinneganUITests.release.xcconfig */;
			buildSettings = {
				ALWAYS_EMBED_SWIFT_STANDARD_LIBRARIES = YES;
				CODE_SIGN_STYLE = Automatic;
				DEVELOPMENT_TEAM = 364H92YY8H;
				INFOPLIST_FILE = RinneganUITests/Info.plist;
				LD_RUNPATH_SEARCH_PATHS = (
					"$(inherited)",
					"@executable_path/Frameworks",
					"@loader_path/Frameworks",
				);
				PRODUCT_BUNDLE_IDENTIFIER = com.master.RinneganUITests;
				PRODUCT_NAME = "$(TARGET_NAME)";
				SWIFT_VERSION = 4.2;
				TARGETED_DEVICE_FAMILY = "1,2";
				TEST_TARGET_NAME = Rinnegan;
			};
			name = Release;
		};
/* End XCBuildConfiguration section */

/* Begin XCConfigurationList section */
		1C2DBF4320CBD08100EEA415 /* Build configuration list for PBXProject "Rinnegan" */ = {
			isa = XCConfigurationList;
			buildConfigurations = (
				1C2DBF6E20CBD08500EEA415 /* Debug */,
				1C2DBF6F20CBD08500EEA415 /* Release */,
			);
			defaultConfigurationIsVisible = 0;
			defaultConfigurationName = Release;
		};
		1C2DBF7020CBD08500EEA415 /* Build configuration list for PBXNativeTarget "Rinnegan" */ = {
			isa = XCConfigurationList;
			buildConfigurations = (
				1C2DBF7120CBD08500EEA415 /* Debug */,
				1C2DBF7220CBD08500EEA415 /* Release */,
			);
			defaultConfigurationIsVisible = 0;
			defaultConfigurationName = Release;
		};
		1C2DBF7320CBD08500EEA415 /* Build configuration list for PBXNativeTarget "RinneganTests" */ = {
			isa = XCConfigurationList;
			buildConfigurations = (
				1C2DBF7420CBD08500EEA415 /* Debug */,
				1C2DBF7520CBD08500EEA415 /* Release */,
			);
			defaultConfigurationIsVisible = 0;
			defaultConfigurationName = Release;
		};
		1C2DBF7620CBD08500EEA415 /* Build configuration list for PBXNativeTarget "RinneganUITests" */ = {
			isa = XCConfigurationList;
			buildConfigurations = (
				1C2DBF7720CBD08500EEA415 /* Debug */,
				1C2DBF7820CBD08500EEA415 /* Release */,
			);
			defaultConfigurationIsVisible = 0;
			defaultConfigurationName = Release;
		};
/* End XCConfigurationList section */
	};
	rootObject = 1C2DBF4020CBD08100EEA415 /* Project object */;
}
